
Microsoft Visual Studio Solution File, Format Version 12.00
# Visual Studio Version 17
VisualStudioVersion = 17.11.35303.130
MinimumVisualStudioVersion = 10.0.40219.1
Project("{2150E333-8FDC-42A3-9474-1A3956D46DE8}") = "Task0", "Task0", "{B93D61E8-08FB-4A5F-AF10-D2C1C94FB223}"
EndProject
Project("{9A19103F-16F7-4668-BE54-9A1E7A4F7556}") = "Tyuiu.DikanovAA.Sprint2.Task0.V25", "Tyuiu.DikanovAA.Sprint2.Task0.V25\Tyuiu.DikanovAA.Sprint2.Task0.V25.csproj", "{8EEF9437-5779-4940-92FE-4D9D8910EA48}"
EndProject
Project("{9A19103F-16F7-4668-BE54-9A1E7A4F7556}") = "Tyuiu.DikanovAA.Sprint2.Task0.V25.Lib", "Tyuiu.DikanovAA.Sprint2.Task0.V25.Lib\Tyuiu.DikanovAA.Sprint2.Task0.V25.Lib.csproj", "{91B3405B-E136-4E3E-8F3E-EA0EE80FB962}"
EndProject
Project("{9A19103F-16F7-4668-BE54-9A1E7A4F7556}") = "Tyuiu.DikanovAA.Sprint2.Task0.V25.Test", "Tyuiu.DikanovAA.Sprint2.Task0.V25.Test\Tyuiu.DikanovAA.Sprint2.Task0.V25.Test.csproj", "{8088865B-7FA8-4A2F-A7C0-F16858760443}"
EndProject
Project("{2150E333-8FDC-42A3-9474-1A3956D46DE8}") = "Task1", "Task1", "{C6C075D1-47AB-4148-85BB-79C82BA7FDA7}"
EndProject
Project("{FAE04EC0-301F-11D3-BF4B-00C04F79EFBC}") = "Tyuiu.DikanovAA.Sprint2.Task1.V26", "Tyuiu.DikanovAA.Sprint2.Task2.V26\Tyuiu.DikanovAA.Sprint2.Task1.V26.csproj", "{73BED95B-FA66-43E6-A644-B9CB26D0054B}"
EndProject
Project("{FAE04EC0-301F-11D3-BF4B-00C04F79EFBC}") = "Tyuiu.DikanovAA.Sprint2.Task1.V26.Lib", "Tyuiu.DikanovAA.Sprint2.Task2.V26.Lib\Tyuiu.DikanovAA.Sprint2.Task1.V26.Lib.csproj", "{D98DC670-1ABC-4894-BFF0-968C1F4A40D5}"
EndProject
Project("{FAE04EC0-301F-11D3-BF4B-00C04F79EFBC}") = "Tyuiu.DikanovAA.Sprint2.Task1.V26.Test", "Tyuiu.DikanovAA.Sprint2.Task2.V26.Test\Tyuiu.DikanovAA.Sprint2.Task1.V26.Test.csproj", "{84E5675A-4964-4929-BFA3-C3F0EE597E07}"
EndProject
Project("{2150E333-8FDC-42A3-9474-1A3956D46DE8}") = "Task2", "Task2", "{DBC1DA3D-0267-478C-956A-491339B4E60B}"
EndProject
Project("{9A19103F-16F7-4668-BE54-9A1E7A4F7556}") = "Tyuiu.DikanovAA.Sprint2.Task2.V1", "Tyuiu.DikanovAA.Sprint2.Task2.V1\Tyuiu.DikanovAA.Sprint2.Task2.V1.csproj", "{B9159484-0FB5-4C60-9AFB-8CFE1E0B734B}"
EndProject
Project("{9A19103F-16F7-4668-BE54-9A1E7A4F7556}") = "Tyuiu.DikanovAA.Sprint2.Task2.V1.Lib", "Tyuiu.DikanovAA.Sprint2.Task2.V1.Lib\Tyuiu.DikanovAA.Sprint2.Task2.V1.Lib.csproj", "{1FF85A07-1736-4B5E-80C7-23E5C63C143C}"
EndProject
Project("{9A19103F-16F7-4668-BE54-9A1E7A4F7556}") = "Tyuiu.DikanovAA.Sprint2.Task2.V1.Test", "Tyuiu.DikanovAA.Sprint2.Task2.V1.Test\Tyuiu.DikanovAA.Sprint2.Task2.V1.Test.csproj", "{31D9B2F8-E585-4461-9C56-CF4DEAC6EB35}"
EndProject
Project("{2150E333-8FDC-42A3-9474-1A3956D46DE8}") = "Task3", "Task3", "{DE2CAB86-8B18-4A10-8844-7281CE9BF903}"
EndProject
Project("{9A19103F-16F7-4668-BE54-9A1E7A4F7556}") = "Tyuiu.DikanovAA.Sprint2.Task3.V12", "Tyuiu.DikanovAA.Sprint2.Task3.V12\Tyuiu.DikanovAA.Sprint2.Task3.V12.csproj", "{AD98AFF5-A91E-4B73-A5D2-B82D6D511715}"
EndProject
Project("{9A19103F-16F7-4668-BE54-9A1E7A4F7556}") = "Tyuiu.DikanovAA.Sprint2.Task3.V12.Lib", "Tyuiu.DikanovAA.Sprint2.Task3.V12.Lib\Tyuiu.DikanovAA.Sprint2.Task3.V12.Lib.csproj", "{EC21966A-37D1-43BE-9A88-AD7A3080F66B}"
EndProject
Project("{9A19103F-16F7-4668-BE54-9A1E7A4F7556}") = "Tyuiu.DikanovAA.Sprint2.Task3.V12.Test", "Tyuiu.DikanovAA.Sprint2.Task3.V12.Test\Tyuiu.DikanovAA.Sprint2.Task3.V12.Test.csproj", "{7077803A-C8A4-4F41-A5BB-D8AEEF67D1A4}"
EndProject
Project("{2150E333-8FDC-42A3-9474-1A3956D46DE8}") = "Task4", "Task4", "{0D23F6E7-22F6-4789-AEF5-A153BE9D63B8}"
EndProject
Project("{9A19103F-16F7-4668-BE54-9A1E7A4F7556}") = "Tyuiu.DikanovAA.Sprint2.Task4.V28", "Tyuiu.DikanovAA.Sprint2.Task4.V28\Tyuiu.DikanovAA.Sprint2.Task4.V28.csproj", "{686A480C-D61A-4526-BB0A-B3373ED812BF}"
EndProject
Project("{9A19103F-16F7-4668-BE54-9A1E7A4F7556}") = "Tyuiu.DikanovAA.Sprint2.Task4.V28.Lib", "Tyuiu.DikanovAA.Sprint2.Task4.V28.Lib\Tyuiu.DikanovAA.Sprint2.Task4.V28.Lib.csproj", "{70DD361B-8CAD-4071-A87C-03B99EE7FC14}"
EndProject
Project("{9A19103F-16F7-4668-BE54-9A1E7A4F7556}") = "Tyuiu.DikanovAA.Sprint2.Task4.V28.Test", "Tyuiu.DikanovAA.Sprint2.Task4.V28.Test\Tyuiu.DikanovAA.Sprint2.Task4.V28.Test.csproj", "{4A55FF72-6E05-48E8-82F9-DC36DB2CE623}"
EndProject
Project("{2150E333-8FDC-42A3-9474-1A3956D46DE8}") = "Task5", "Task5", "{282ADA47-92F6-4834-B22C-6D0A933A8F27}"
EndProject
Project("{9A19103F-16F7-4668-BE54-9A1E7A4F7556}") = "Tyuiu.DikanovAA.Sprint2.Task5.V11", "Tyuiu.DikanovAA.Sprint2.Task5.V11\Tyuiu.DikanovAA.Sprint2.Task5.V11.csproj", "{BE649C87-9419-4DEB-A998-40AC1AEC4D4C}"
EndProject
Project("{9A19103F-16F7-4668-BE54-9A1E7A4F7556}") = "Tyuiu.DikanovAA.Sprint2.Task5.V11.Lib", "Tyuiu.DikanovAA.Sprint2.Task5.V11.Lib\Tyuiu.DikanovAA.Sprint2.Task5.V11.Lib.csproj", "{3276F7FE-B219-4D43-AA2B-19E03685A876}"
EndProject
Project("{9A19103F-16F7-4668-BE54-9A1E7A4F7556}") = "Tyuiu.DikanovAA.Sprint2.Task5.V11.Test", "Tyuiu.DikanovAA.Sprint2.Task5.V11.Test\Tyuiu.DikanovAA.Sprint2.Task5.V11.Test.csproj", "{E13664AF-EE24-4AC1-A964-1DB2D7C05E2D}"
EndProject
Project("{2150E333-8FDC-42A3-9474-1A3956D46DE8}") = "Task6", "Task6", "{096E9349-47AB-458D-ACA9-6202BCB84F40}"
EndProject
Project("{9A19103F-16F7-4668-BE54-9A1E7A4F7556}") = "Tyuiu.DikanovAA.Sprint2.Task6.V3", "ConsoleApp1\Tyuiu.DikanovAA.Sprint2.Task6.V3.csproj", "{4FCDB955-CEDD-4869-8B7E-EC62FC0E97AA}"
EndProject
Project("{9A19103F-16F7-4668-BE54-9A1E7A4F7556}") = "Tyuiu.DikanovAA.Sprint2.Task6.V3.Lib", "Tyuiu.DikanovAA.Sprint2.Task6.V3.Lib\Tyuiu.DikanovAA.Sprint2.Task6.V3.Lib.csproj", "{800D2ED7-78D4-402D-9DC2-4B5EBA556778}"
EndProject
Project("{9A19103F-16F7-4668-BE54-9A1E7A4F7556}") = "Tyuiu.DikanovAA.Sprint2.Task6.V3.Test", "Tyuiu.DikanovAA.Sprint2.Task6.V3.Test\Tyuiu.DikanovAA.Sprint2.Task6.V3.Test.csproj", "{289CFA79-5D01-4414-BFC9-B8372B5EF193}"
EndProject
Project("{2150E333-8FDC-42A3-9474-1A3956D46DE8}") = "Task7", "Task7", "{C67D6E22-9F3F-4684-B5B0-E02C49259FE9}"
EndProject
Project("{FAE04EC0-301F-11D3-BF4B-00C04F79EFBC}") = "Tyuiu.DikanovAA.Sprint2.Task7.V2", "Tyuiu.DikanovAA.Sprint2.Task7.V2\Tyuiu.DikanovAA.Sprint2.Task7.V2.csproj", "{D7CB8DAF-50F2-46B2-89F4-1E1E71FE3B28}"
EndProject
Project("{FAE04EC0-301F-11D3-BF4B-00C04F79EFBC}") = "Tyuiu.DikanovAA.Sprint2.Task7.V2.Lib", "Tyuiu.DikanovAA.Sprint2.Task7.V2.Lib\Tyuiu.DikanovAA.Sprint2.Task7.V2.Lib.csproj", "{FD296553-FCDC-4080-A0DD-D056803A0395}"
EndProject
Project("{FAE04EC0-301F-11D3-BF4B-00C04F79EFBC}") = "Tyuiu.DikanovAA.Sprint2.Task7.V2.Test", "Tyuiu.DikanovAA.Sprint2.Task7.V2.Test\Tyuiu.DikanovAA.Sprint2.Task7.V2.Test.csproj", "{ABFE3571-5A8B-4B93-999A-BA549F77D6A3}"
EndProject
Global
	GlobalSection(SolutionConfigurationPlatforms) = preSolution
		Debug|Any CPU = Debug|Any CPU
		Release|Any CPU = Release|Any CPU
	EndGlobalSection
	GlobalSection(ProjectConfigurationPlatforms) = postSolution
		{8EEF9437-5779-4940-92FE-4D9D8910EA48}.Debug|Any CPU.ActiveCfg = Debug|Any CPU
		{8EEF9437-5779-4940-92FE-4D9D8910EA48}.Debug|Any CPU.Build.0 = Debug|Any CPU
		{8EEF9437-5779-4940-92FE-4D9D8910EA48}.Release|Any CPU.ActiveCfg = Release|Any CPU
		{8EEF9437-5779-4940-92FE-4D9D8910EA48}.Release|Any CPU.Build.0 = Release|Any CPU
		{91B3405B-E136-4E3E-8F3E-EA0EE80FB962}.Debug|Any CPU.ActiveCfg = Debug|Any CPU
		{91B3405B-E136-4E3E-8F3E-EA0EE80FB962}.Debug|Any CPU.Build.0 = Debug|Any CPU
		{91B3405B-E136-4E3E-8F3E-EA0EE80FB962}.Release|Any CPU.ActiveCfg = Release|Any CPU
		{91B3405B-E136-4E3E-8F3E-EA0EE80FB962}.Release|Any CPU.Build.0 = Release|Any CPU
		{8088865B-7FA8-4A2F-A7C0-F16858760443}.Debug|Any CPU.ActiveCfg = Debug|Any CPU
		{8088865B-7FA8-4A2F-A7C0-F16858760443}.Debug|Any CPU.Build.0 = Debug|Any CPU
		{8088865B-7FA8-4A2F-A7C0-F16858760443}.Release|Any CPU.ActiveCfg = Release|Any CPU
		{8088865B-7FA8-4A2F-A7C0-F16858760443}.Release|Any CPU.Build.0 = Release|Any CPU
		{73BED95B-FA66-43E6-A644-B9CB26D0054B}.Debug|Any CPU.ActiveCfg = Debug|Any CPU
		{73BED95B-FA66-43E6-A644-B9CB26D0054B}.Debug|Any CPU.Build.0 = Debug|Any CPU
		{73BED95B-FA66-43E6-A644-B9CB26D0054B}.Release|Any CPU.ActiveCfg = Release|Any CPU
		{73BED95B-FA66-43E6-A644-B9CB26D0054B}.Release|Any CPU.Build.0 = Release|Any CPU
		{D98DC670-1ABC-4894-BFF0-968C1F4A40D5}.Debug|Any CPU.ActiveCfg = Debug|Any CPU
		{D98DC670-1ABC-4894-BFF0-968C1F4A40D5}.Debug|Any CPU.Build.0 = Debug|Any CPU
		{D98DC670-1ABC-4894-BFF0-968C1F4A40D5}.Release|Any CPU.ActiveCfg = Release|Any CPU
		{D98DC670-1ABC-4894-BFF0-968C1F4A40D5}.Release|Any CPU.Build.0 = Release|Any CPU
		{84E5675A-4964-4929-BFA3-C3F0EE597E07}.Debug|Any CPU.ActiveCfg = Debug|Any CPU
		{84E5675A-4964-4929-BFA3-C3F0EE597E07}.Debug|Any CPU.Build.0 = Debug|Any CPU
		{84E5675A-4964-4929-BFA3-C3F0EE597E07}.Release|Any CPU.ActiveCfg = Release|Any CPU
		{84E5675A-4964-4929-BFA3-C3F0EE597E07}.Release|Any CPU.Build.0 = Release|Any CPU
		{B9159484-0FB5-4C60-9AFB-8CFE1E0B734B}.Debug|Any CPU.ActiveCfg = Debug|Any CPU
		{B9159484-0FB5-4C60-9AFB-8CFE1E0B734B}.Debug|Any CPU.Build.0 = Debug|Any CPU
		{B9159484-0FB5-4C60-9AFB-8CFE1E0B734B}.Release|Any CPU.ActiveCfg = Release|Any CPU
		{B9159484-0FB5-4C60-9AFB-8CFE1E0B734B}.Release|Any CPU.Build.0 = Release|Any CPU
		{1FF85A07-1736-4B5E-80C7-23E5C63C143C}.Debug|Any CPU.ActiveCfg = Debug|Any CPU
		{1FF85A07-1736-4B5E-80C7-23E5C63C143C}.Debug|Any CPU.Build.0 = Debug|Any CPU
		{1FF85A07-1736-4B5E-80C7-23E5C63C143C}.Release|Any CPU.ActiveCfg = Release|Any CPU
		{1FF85A07-1736-4B5E-80C7-23E5C63C143C}.Release|Any CPU.Build.0 = Release|Any CPU
		{31D9B2F8-E585-4461-9C56-CF4DEAC6EB35}.Debug|Any CPU.ActiveCfg = Debug|Any CPU
		{31D9B2F8-E585-4461-9C56-CF4DEAC6EB35}.Debug|Any CPU.Build.0 = Debug|Any CPU
		{31D9B2F8-E585-4461-9C56-CF4DEAC6EB35}.Release|Any CPU.ActiveCfg = Release|Any CPU
		{31D9B2F8-E585-4461-9C56-CF4DEAC6EB35}.Release|Any CPU.Build.0 = Release|Any CPU
		{AD98AFF5-A91E-4B73-A5D2-B82D6D511715}.Debug|Any CPU.ActiveCfg = Debug|Any CPU
		{AD98AFF5-A91E-4B73-A5D2-B82D6D511715}.Debug|Any CPU.Build.0 = Debug|Any CPU
		{AD98AFF5-A91E-4B73-A5D2-B82D6D511715}.Release|Any CPU.ActiveCfg = Release|Any CPU
		{AD98AFF5-A91E-4B73-A5D2-B82D6D511715}.Release|Any CPU.Build.0 = Release|Any CPU
		{EC21966A-37D1-43BE-9A88-AD7A3080F66B}.Debug|Any CPU.ActiveCfg = Debug|Any CPU
		{EC21966A-37D1-43BE-9A88-AD7A3080F66B}.Debug|Any CPU.Build.0 = Debug|Any CPU
		{EC21966A-37D1-43BE-9A88-AD7A3080F66B}.Release|Any CPU.ActiveCfg = Release|Any CPU
		{EC21966A-37D1-43BE-9A88-AD7A3080F66B}.Release|Any CPU.Build.0 = Release|Any CPU
		{7077803A-C8A4-4F41-A5BB-D8AEEF67D1A4}.Debug|Any CPU.ActiveCfg = Debug|Any CPU
		{7077803A-C8A4-4F41-A5BB-D8AEEF67D1A4}.Debug|Any CPU.Build.0 = Debug|Any CPU
		{7077803A-C8A4-4F41-A5BB-D8AEEF67D1A4}.Release|Any CPU.ActiveCfg = Release|Any CPU
		{7077803A-C8A4-4F41-A5BB-D8AEEF67D1A4}.Release|Any CPU.Build.0 = Release|Any CPU
		{686A480C-D61A-4526-BB0A-B3373ED812BF}.Debug|Any CPU.ActiveCfg = Debug|Any CPU
		{686A480C-D61A-4526-BB0A-B3373ED812BF}.Debug|Any CPU.Build.0 = Debug|Any CPU
		{686A480C-D61A-4526-BB0A-B3373ED812BF}.Release|Any CPU.ActiveCfg = Release|Any CPU
		{686A480C-D61A-4526-BB0A-B3373ED812BF}.Release|Any CPU.Build.0 = Release|Any CPU
		{70DD361B-8CAD-4071-A87C-03B99EE7FC14}.Debug|Any CPU.ActiveCfg = Debug|Any CPU
		{70DD361B-8CAD-4071-A87C-03B99EE7FC14}.Debug|Any CPU.Build.0 = Debug|Any CPU
		{70DD361B-8CAD-4071-A87C-03B99EE7FC14}.Release|Any CPU.ActiveCfg = Release|Any CPU
		{70DD361B-8CAD-4071-A87C-03B99EE7FC14}.Release|Any CPU.Build.0 = Release|Any CPU
		{4A55FF72-6E05-48E8-82F9-DC36DB2CE623}.Debug|Any CPU.ActiveCfg = Debug|Any CPU
		{4A55FF72-6E05-48E8-82F9-DC36DB2CE623}.Debug|Any CPU.Build.0 = Debug|Any CPU
		{4A55FF72-6E05-48E8-82F9-DC36DB2CE623}.Release|Any CPU.ActiveCfg = Release|Any CPU
		{4A55FF72-6E05-48E8-82F9-DC36DB2CE623}.Release|Any CPU.Build.0 = Release|Any CPU
		{BE649C87-9419-4DEB-A998-40AC1AEC4D4C}.Debug|Any CPU.ActiveCfg = Debug|Any CPU
		{BE649C87-9419-4DEB-A998-40AC1AEC4D4C}.Debug|Any CPU.Build.0 = Debug|Any CPU
		{BE649C87-9419-4DEB-A998-40AC1AEC4D4C}.Release|Any CPU.ActiveCfg = Release|Any CPU
		{BE649C87-9419-4DEB-A998-40AC1AEC4D4C}.Release|Any CPU.Build.0 = Release|Any CPU
		{3276F7FE-B219-4D43-AA2B-19E03685A876}.Debug|Any CPU.ActiveCfg = Debug|Any CPU
		{3276F7FE-B219-4D43-AA2B-19E03685A876}.Debug|Any CPU.Build.0 = Debug|Any CPU
		{3276F7FE-B219-4D43-AA2B-19E03685A876}.Release|Any CPU.ActiveCfg = Release|Any CPU
		{3276F7FE-B219-4D43-AA2B-19E03685A876}.Release|Any CPU.Build.0 = Release|Any CPU
		{E13664AF-EE24-4AC1-A964-1DB2D7C05E2D}.Debug|Any CPU.ActiveCfg = Debug|Any CPU
		{E13664AF-EE24-4AC1-A964-1DB2D7C05E2D}.Debug|Any CPU.Build.0 = Debug|Any CPU
		{E13664AF-EE24-4AC1-A964-1DB2D7C05E2D}.Release|Any CPU.ActiveCfg = Release|Any CPU
		{E13664AF-EE24-4AC1-A964-1DB2D7C05E2D}.Release|Any CPU.Build.0 = Release|Any CPU
		{4FCDB955-CEDD-4869-8B7E-EC62FC0E97AA}.Debug|Any CPU.ActiveCfg = Debug|Any CPU
		{4FCDB955-CEDD-4869-8B7E-EC62FC0E97AA}.Debug|Any CPU.Build.0 = Debug|Any CPU
		{4FCDB955-CEDD-4869-8B7E-EC62FC0E97AA}.Release|Any CPU.ActiveCfg = Release|Any CPU
		{4FCDB955-CEDD-4869-8B7E-EC62FC0E97AA}.Release|Any CPU.Build.0 = Release|Any CPU
		{800D2ED7-78D4-402D-9DC2-4B5EBA556778}.Debug|Any CPU.ActiveCfg = Debug|Any CPU
		{800D2ED7-78D4-402D-9DC2-4B5EBA556778}.Debug|Any CPU.Build.0 = Debug|Any CPU
		{800D2ED7-78D4-402D-9DC2-4B5EBA556778}.Release|Any CPU.ActiveCfg = Release|Any CPU
		{800D2ED7-78D4-402D-9DC2-4B5EBA556778}.Release|Any CPU.Build.0 = Release|Any CPU
		{289CFA79-5D01-4414-BFC9-B8372B5EF193}.Debug|Any CPU.ActiveCfg = Debug|Any CPU
		{289CFA79-5D01-4414-BFC9-B8372B5EF193}.Debug|Any CPU.Build.0 = Debug|Any CPU
		{289CFA79-5D01-4414-BFC9-B8372B5EF193}.Release|Any CPU.ActiveCfg = Release|Any CPU
		{289CFA79-5D01-4414-BFC9-B8372B5EF193}.Release|Any CPU.Build.0 = Release|Any CPU
		{D7CB8DAF-50F2-46B2-89F4-1E1E71FE3B28}.Debug|Any CPU.ActiveCfg = Debug|Any CPU
		{D7CB8DAF-50F2-46B2-89F4-1E1E71FE3B28}.Debug|Any CPU.Build.0 = Debug|Any CPU
		{D7CB8DAF-50F2-46B2-89F4-1E1E71FE3B28}.Release|Any CPU.ActiveCfg = Release|Any CPU
		{D7CB8DAF-50F2-46B2-89F4-1E1E71FE3B28}.Release|Any CPU.Build.0 = Release|Any CPU
		{FD296553-FCDC-4080-A0DD-D056803A0395}.Debug|Any CPU.ActiveCfg = Debug|Any CPU
		{FD296553-FCDC-4080-A0DD-D056803A0395}.Debug|Any CPU.Build.0 = Debug|Any CPU
		{FD296553-FCDC-4080-A0DD-D056803A0395}.Release|Any CPU.ActiveCfg = Release|Any CPU
		{FD296553-FCDC-4080-A0DD-D056803A0395}.Release|Any CPU.Build.0 = Release|Any CPU
		{ABFE3571-5A8B-4B93-999A-BA549F77D6A3}.Debug|Any CPU.ActiveCfg = Debug|Any CPU
		{ABFE3571-5A8B-4B93-999A-BA549F77D6A3}.Debug|Any CPU.Build.0 = Debug|Any CPU
		{ABFE3571-5A8B-4B93-999A-BA549F77D6A3}.Release|Any CPU.ActiveCfg = Release|Any CPU
		{ABFE3571-5A8B-4B93-999A-BA549F77D6A3}.Release|Any CPU.Build.0 = Release|Any CPU
	EndGlobalSection
	GlobalSection(SolutionProperties) = preSolution
		HideSolutionNode = FALSE
	EndGlobalSection
	GlobalSection(NestedProjects) = preSolution
		{8EEF9437-5779-4940-92FE-4D9D8910EA48} = {B93D61E8-08FB-4A5F-AF10-D2C1C94FB223}
		{91B3405B-E136-4E3E-8F3E-EA0EE80FB962} = {B93D61E8-08FB-4A5F-AF10-D2C1C94FB223}
		{8088865B-7FA8-4A2F-A7C0-F16858760443} = {B93D61E8-08FB-4A5F-AF10-D2C1C94FB223}
		{73BED95B-FA66-43E6-A644-B9CB26D0054B} = {C6C075D1-47AB-4148-85BB-79C82BA7FDA7}
		{D98DC670-1ABC-4894-BFF0-968C1F4A40D5} = {C6C075D1-47AB-4148-85BB-79C82BA7FDA7}
		{84E5675A-4964-4929-BFA3-C3F0EE597E07} = {C6C075D1-47AB-4148-85BB-79C82BA7FDA7}
		{B9159484-0FB5-4C60-9AFB-8CFE1E0B734B} = {DBC1DA3D-0267-478C-956A-491339B4E60B}
		{1FF85A07-1736-4B5E-80C7-23E5C63C143C} = {DBC1DA3D-0267-478C-956A-491339B4E60B}
		{31D9B2F8-E585-4461-9C56-CF4DEAC6EB35} = {DBC1DA3D-0267-478C-956A-491339B4E60B}
		{AD98AFF5-A91E-4B73-A5D2-B82D6D511715} = {DE2CAB86-8B18-4A10-8844-7281CE9BF903}
		{EC21966A-37D1-43BE-9A88-AD7A3080F66B} = {DE2CAB86-8B18-4A10-8844-7281CE9BF903}
		{7077803A-C8A4-4F41-A5BB-D8AEEF67D1A4} = {DE2CAB86-8B18-4A10-8844-7281CE9BF903}
		{686A480C-D61A-4526-BB0A-B3373ED812BF} = {0D23F6E7-22F6-4789-AEF5-A153BE9D63B8}
		{70DD361B-8CAD-4071-A87C-03B99EE7FC14} = {0D23F6E7-22F6-4789-AEF5-A153BE9D63B8}
		{4A55FF72-6E05-48E8-82F9-DC36DB2CE623} = {0D23F6E7-22F6-4789-AEF5-A153BE9D63B8}
		{BE649C87-9419-4DEB-A998-40AC1AEC4D4C} = {282ADA47-92F6-4834-B22C-6D0A933A8F27}
		{3276F7FE-B219-4D43-AA2B-19E03685A876} = {282ADA47-92F6-4834-B22C-6D0A933A8F27}
		{E13664AF-EE24-4AC1-A964-1DB2D7C05E2D} = {282ADA47-92F6-4834-B22C-6D0A933A8F27}
		{4FCDB955-CEDD-4869-8B7E-EC62FC0E97AA} = {096E9349-47AB-458D-ACA9-6202BCB84F40}
		{800D2ED7-78D4-402D-9DC2-4B5EBA556778} = {096E9349-47AB-458D-ACA9-6202BCB84F40}
		{289CFA79-5D01-4414-BFC9-B8372B5EF193} = {096E9349-47AB-458D-ACA9-6202BCB84F40}
		{D7CB8DAF-50F2-46B2-89F4-1E1E71FE3B28} = {C67D6E22-9F3F-4684-B5B0-E02C49259FE9}
		{FD296553-FCDC-4080-A0DD-D056803A0395} = {C67D6E22-9F3F-4684-B5B0-E02C49259FE9}
		{ABFE3571-5A8B-4B93-999A-BA549F77D6A3} = {C67D6E22-9F3F-4684-B5B0-E02C49259FE9}
	EndGlobalSection
	GlobalSection(ExtensibilityGlobals) = postSolution
		SolutionGuid = {EC11B68C-5FC2-4BAE-B181-5D13CD1AB1A2}
	EndGlobalSection
EndGlobal
